
Microsoft Visual Studio Solution File, Format Version 12.00
# Visual Studio 15
VisualStudioVersion = 15.0.28010.2003
MinimumVisualStudioVersion = 10.0.40219.1
Project("{8BC9CEB8-8B4A-11D0-8D11-00A0C91BC942}") = "Doan2", "Doan2\Doan2.vcxproj", "{FAB3B705-4112-41F0-AB6F-32CA9052CCDA}"
EndProject
Global
	GlobalSection(SolutionConfigurationPlatforms) = preSolution
		Debug|x64 = Debug|x64
		Debug|x86 = Debug|x86
		Release|x64 = Release|x64
		Release|x86 = Release|x86
	EndGlobalSection
	GlobalSection(ProjectConfigurationPlatforms) = postSolution
		{FAB3B705-4112-41F0-AB6F-32CA9052CCDA}.Debug|x64.ActiveCfg = Debug|x64
		{FAB3B705-4112-41F0-AB6F-32CA9052CCDA}.Debug|x64.Build.0 = Debug|x64
		{FAB3B705-4112-41F0-AB6F-32CA9052CCDA}.Debug|x86.ActiveCfg = Debug|Win32
		{FAB3B705-4112-41F0-AB6F-32CA9052CCDA}.Debug|x86.Build.0 = Debug|Win32
		{FAB3B705-4112-41F0-AB6F-32CA9052CCDA}.Release|x64.ActiveCfg = Release|x64
		{FAB3B705-4112-41F0-AB6F-32CA9052CCDA}.Release|x64.Build.0 = Release|x64
		{FAB3B705-4112-41F0-AB6F-32CA9052CCDA}.Release|x86.ActiveCfg = Release|Win32
		{FAB3B705-4112-41F0-AB6F-32CA9052CCDA}.Release|x86.Build.0 = Release|Win32
	EndGlobalSection
	GlobalSection(SolutionProperties) = preSolution
		HideSolutionNode = FALSE
	EndGlobalSection
	GlobalSection(ExtensibilityGlobals) = postSolution
		SolutionGuid = {DFADB260-56EA-461C-846B-6202520A483B}
	EndGlobalSection
EndGlobal
